
Microsoft Visual Studio Solution File, Format Version 12.00
# Visual Studio Version 17
VisualStudioVersion = 17.8.34511.84
MinimumVisualStudioVersion = 10.0.40219.1
Project("{FAE04EC0-301F-11D3-BF4B-00C04F79EFBC}") = "Api - clone wpp", "Api - clone wpp.csproj", "{BC73A49B-3A7D-47E2-B0C7-6699C85EE33F}"
EndProject
Global
	GlobalSection(SolutionConfigurationPlatforms) = preSolution
		Debug|Any CPU = Debug|Any CPU
		Release|Any CPU = Release|Any CPU
	EndGlobalSection
	GlobalSection(ProjectConfigurationPlatforms) = postSolution
		{BC73A49B-3A7D-47E2-B0C7-6699C85EE33F}.Debug|Any CPU.ActiveCfg = Debug|Any CPU
		{BC73A49B-3A7D-47E2-B0C7-6699C85EE33F}.Debug|Any CPU.Build.0 = Debug|Any CPU
		{BC73A49B-3A7D-47E2-B0C7-6699C85EE33F}.Release|Any CPU.ActiveCfg = Release|Any CPU
		{BC73A49B-3A7D-47E2-B0C7-6699C85EE33F}.Release|Any CPU.Build.0 = Release|Any CPU
	EndGlobalSection
	GlobalSection(SolutionProperties) = preSolution
		HideSolutionNode = FALSE
	EndGlobalSection
	GlobalSection(ExtensibilityGlobals) = postSolution
		SolutionGuid = {936D0A60-16EF-4F4D-B08F-E80E42E81E4D}
	EndGlobalSection
EndGlobal
